
Microsoft Visual Studio Solution File, Format Version 11.00
# Visual C++ Express 2010
Project("{8BC9CEB8-8B4A-11D0-8D11-00A0C91BC942}") = "HireGauge", "HireGauge\HireGauge.vcxproj", "{EAD157B1-B34B-48EC-93D9-4BB2B9940276}"
EndProject
Global
	GlobalSection(SolutionConfigurationPlatforms) = preSolution
		Debug|Win32 = Debug|Win32
		Release|Win32 = Release|Win32
	EndGlobalSection
	GlobalSection(ProjectConfigurationPlatforms) = postSolution
		{EAD157B1-B34B-48EC-93D9-4BB2B9940276}.Debug|Win32.ActiveCfg = Debug|Win32
		{EAD157B1-B34B-48EC-93D9-4BB2B9940276}.Debug|Win32.Build.0 = Debug|Win32
		{EAD157B1-B34B-48EC-93D9-4BB2B9940276}.Release|Win32.ActiveCfg = Release|Win32
		{EAD157B1-B34B-48EC-93D9-4BB2B9940276}.Release|Win32.Build.0 = Release|Win32
	EndGlobalSection
	GlobalSection(SolutionProperties) = preSolution
		HideSolutionNode = FALSE
	EndGlobalSection
EndGlobal
