<?xml version="1.0" encoding="utf-8"?>
<Project ToolsVersion="4.0" xmlns="http://schemas.microsoft.com/developer/msbuild/2003">
  <ItemGroup>
    <Filter Include="Source Files">
      <UniqueIdentifier>{4FC737F1-C7A5-4376-A066-2A32D752A2FF}</UniqueIdentifier>
      <Extensions>cpp;c;cc;cxx;def;odl;idl;hpj;bat;asm;asmx</Extensions>
    </Filter>
    <Filter Include="Header Files">
      <UniqueIdentifier>{93995380-89BD-4b04-88EB-625FBE52EBFB}</UniqueIdentifier>
      <Extensions>h;hpp;hxx;hm;inl;inc;xsd</Extensions>
    </Filter>
    <Filter Include="Resource Files">
      <UniqueIdentifier>{67DA6AB6-F800-4c08-8B7A-83BB121AAD01}</UniqueIdentifier>
      <Extensions>rc;ico;cur;bmp;dlg;rc2;rct;bin;rgs;gif;jpg;jpeg;jpe;resx;tiff;tif;png;wav;mfcribbon-ms</Extensions>
    </Filter>
  </ItemGroup>
  <ItemGroup>
    <None Include="ReadMe.txt" />
    <None Include="app.ico">
      <Filter>Resource Files</Filter>
    </None>
    <None Include="ClassDiagram1.cd" />
  </ItemGroup>
  <ItemGroup>
    <ClCompile Include="HireGauge.cpp">
      <Filter>Source Files</Filter>
    </ClCompile>
    <ClCompile Include="AssemblyInfo.cpp">
      <Filter>Source Files</Filter>
    </ClCompile>
    <ClCompile Include="stdafx.cpp">
      <Filter>Source Files</Filter>
    </ClCompile>
    <ClCompile Include="CandidateLogin.cpp">
      <Filter>Header Files</Filter>
    </ClCompile>
    <ClCompile Include="AdminLogin.cpp">
      <Filter>Source Files</Filter>
    </ClCompile>
    <ClCompile Include="EmployerLogin.cpp">
      <Filter>Source Files</Filter>
    </ClCompile>
    <ClCompile Include="Signup.cpp">
      <Filter>Source Files</Filter>
    </ClCompile>
    <ClCompile Include="CandidateDashboard.cpp">
      <Filter>Header Files</Filter>
    </ClCompile>
    <ClCompile Include="Person.cpp">
      <Filter>Source Files</Filter>
    </ClCompile>
    <ClCompile Include="Candidate.cpp">
      <Filter>Source Files</Filter>
    </ClCompile>
    <ClCompile Include="Candidate_Profile.cpp">
      <Filter>Source Files</Filter>
    </ClCompile>
    <ClCompile Include="Employer.cpp">
      <Filter>Source Files</Filter>
    </ClCompile>
    <ClCompile Include="JobExplorer.cpp">
      <Filter>Source Files</Filter>
    </ClCompile>
    <ClCompile Include="MyApplications.cpp">
      <Filter>Source Files</Filter>
    </ClCompile>
    <ClCompile Include="AssessmentViewer.cpp">
      <Filter>Source Files</Filter>
    </ClCompile>
    <ClCompile Include="Assessment.cpp">
      <Filter>Source Files</Filter>
    </ClCompile>
    <ClCompile Include="Question.cpp">
      <Filter>Source Files</Filter>
    </ClCompile>
    <ClCompile Include="MyResults.cpp">
      <Filter>Source Files</Filter>
    </ClCompile>
    <ClCompile Include="PracticeMaterial.cpp">
      <Filter>Header Files</Filter>
    </ClCompile>
    <ClCompile Include="ResourceViewer.cpp">
      <Filter>Source Files</Filter>
    </ClCompile>
    <ClCompile Include="MyMailbox.cpp">
      <Filter>Header Files</Filter>
    </ClCompile>
    <ClCompile Include="EmployerDashboard.cpp">
      <Filter>Header Files</Filter>
    </ClCompile>
    <ClCompile Include="Employer_Profile.cpp">
      <Filter>Source Files</Filter>
    </ClCompile>
    <ClCompile Include="ManageJobOpenings.cpp">
      <Filter>Source Files</Filter>
    </ClCompile>
    <ClCompile Include="AssessmentEditor.cpp">
      <Filter>Source Files</Filter>
    </ClCompile>
    <ClCompile Include="CreateJobOpening.cpp">
      <Filter>Source Files</Filter>
    </ClCompile>
    <ClCompile Include="Compose.cpp">
      <Filter>Source Files</Filter>
    </ClCompile>
    <ClCompile Include="ManageJobApplications.cpp">
      <Filter>Source Files</Filter>
    </ClCompile>
    <ClCompile Include="Admin.cpp">
      <Filter>Source Files</Filter>
    </ClCompile>
    <ClCompile Include="AdminDashboard.cpp">
      <Filter>Source Files</Filter>
    </ClCompile>
    <ClCompile Include="UpdateCredentials.cpp">
      <Filter>Source Files</Filter>
    </ClCompile>
    <ClCompile Include="ManageCandidates.cpp">
      <Filter>Source Files</Filter>
    </ClCompile>
    <ClCompile Include="ManageEmployers.cpp">
      <Filter>Source Files</Filter>
    </ClCompile>
    <ClCompile Include="ManagePracticeMaterial.cpp">
      <Filter>Source Files</Filter>
    </ClCompile>
  </ItemGroup>
  <ItemGroup>
    <ClInclude Include="stdafx.h">
      <Filter>Header Files</Filter>
    </ClInclude>
    <ClInclude Include="resource.h">
      <Filter>Header Files</Filter>
    </ClInclude>
    <ClInclude Include="CandidateLogin.h">
      <Filter>Header Files</Filter>
    </ClInclude>
    <ClInclude Include="LoginAs.h">
      <Filter>Header Files</Filter>
    </ClInclude>
    <ClInclude Include="AdminLogin.h">
      <Filter>Header Files</Filter>
    </ClInclude>
    <ClInclude Include="EmployerLogin.h">
      <Filter>Header Files</Filter>
    </ClInclude>
    <ClInclude Include="Signup.h">
      <Filter>Header Files</Filter>
    </ClInclude>
    <ClInclude Include="CandidateDashboard.h">
      <Filter>Header Files</Filter>
    </ClInclude>
    <ClInclude Include="Person.h">
      <Filter>Header Files</Filter>
    </ClInclude>
    <ClInclude Include="Candidate.h">
      <Filter>Header Files</Filter>
    </ClInclude>
    <ClInclude Include="Candidate_Profile.h">
      <Filter>Header Files</Filter>
    </ClInclude>
    <ClInclude Include="Employer.h">
      <Filter>Header Files</Filter>
    </ClInclude>
    <ClInclude Include="JobExplorer.h">
      <Filter>Header Files</Filter>
    </ClInclude>
    <ClInclude Include="MyApplications.h">
      <Filter>Header Files</Filter>
    </ClInclude>
    <ClInclude Include="AssessmentViewer.h">
      <Filter>Header Files</Filter>
    </ClInclude>
    <ClInclude Include="Assessment.h">
      <Filter>Header Files</Filter>
    </ClInclude>
    <ClInclude Include="Question.h">
      <Filter>Header Files</Filter>
    </ClInclude>
    <ClInclude Include="MyResults.h">
      <Filter>Header Files</Filter>
    </ClInclude>
    <ClInclude Include="PracticeMaterial.h">
      <Filter>Header Files</Filter>
    </ClInclude>
    <ClInclude Include="ResourceViewer.h">
      <Filter>Header Files</Filter>
    </ClInclude>
    <ClInclude Include="MyMailbox.h">
      <Filter>Header Files</Filter>
    </ClInclude>
    <ClInclude Include="EmployerDashboard.h">
      <Filter>Header Files</Filter>
    </ClInclude>
    <ClInclude Include="Employer_Profile.h">
      <Filter>Header Files</Filter>
    </ClInclude>
    <ClInclude Include="ManageJobOpenings.h">
      <Filter>Header Files</Filter>
    </ClInclude>
    <ClInclude Include="AssessmentEditor.h">
      <Filter>Header Files</Filter>
    </ClInclude>
    <ClInclude Include="CreateJobOpening.h">
      <Filter>Header Files</Filter>
    </ClInclude>
    <ClInclude Include="Compose.h">
      <Filter>Header Files</Filter>
    </ClInclude>
    <ClInclude Include="ManageJobApplications.h">
      <Filter>Header Files</Filter>
    </ClInclude>
    <ClInclude Include="Admin.h">
      <Filter>Header Files</Filter>
    </ClInclude>
    <ClInclude Include="AdminDashboard.h">
      <Filter>Header Files</Filter>
    </ClInclude>
    <ClInclude Include="UpdateCredentials.h">
      <Filter>Header Files</Filter>
    </ClInclude>
    <ClInclude Include="ManageCandidates.h">
      <Filter>Header Files</Filter>
    </ClInclude>
    <ClInclude Include="ManageEmployers.h">
      <Filter>Header Files</Filter>
    </ClInclude>
    <ClInclude Include="ManagePracticeMaterial.h">
      <Filter>Header Files</Filter>
    </ClInclude>
  </ItemGroup>
  <ItemGroup>
    <ResourceCompile Include="app.rc">
      <Filter>Resource Files</Filter>
    </ResourceCompile>
  </ItemGroup>
  <ItemGroup>
    <EmbeddedResource Include="CandidateLogin.resx">
      <Filter>Resource Files</Filter>
    </EmbeddedResource>
    <EmbeddedResource Include="LoginAs.resX">
      <Filter>Resource Files</Filter>
    </EmbeddedResource>
    <EmbeddedResource Include="AdminLogin.resx">
      <Filter>Resource Files</Filter>
    </EmbeddedResource>
    <EmbeddedResource Include="EmployerLogin.resx">
      <Filter>Resource Files</Filter>
    </EmbeddedResource>
    <EmbeddedResource Include="Signup.resx">
      <Filter>Resource Files</Filter>
    </EmbeddedResource>
    <EmbeddedResource Include="CandidateDashboard.resx">
      <Filter>Resource Files</Filter>
    </EmbeddedResource>
    <EmbeddedResource Include="Candidate_Profile.resx">
      <Filter>Resource Files</Filter>
    </EmbeddedResource>
    <EmbeddedResource Include="JobExplorer.resx">
      <Filter>Resource Files</Filter>
    </EmbeddedResource>
    <EmbeddedResource Include="AssessmentViewer.resx">
      <Filter>Resource Files</Filter>
    </EmbeddedResource>
    <EmbeddedResource Include="MyApplications.resx">
      <Filter>Resource Files</Filter>
    </EmbeddedResource>
    <EmbeddedResource Include="MyResults.resx">
      <Filter>Resource Files</Filter>
    </EmbeddedResource>
    <EmbeddedResource Include="MyMailbox.resx">
      <Filter>Resource Files</Filter>
    </EmbeddedResource>
    <EmbeddedResource Include="PracticeMaterial.resx">
      <Filter>Resource Files</Filter>
    </EmbeddedResource>
    <EmbeddedResource Include="ResourceViewer.resx">
      <Filter>Resource Files</Filter>
    </EmbeddedResource>
    <EmbeddedResource Include="EmployerDashboard.resx">
      <Filter>Resource Files</Filter>
    </EmbeddedResource>
    <EmbeddedResource Include="Employer_Profile.resx">
      <Filter>Resource Files</Filter>
    </EmbeddedResource>
    <EmbeddedResource Include="ManageJobOpenings.resx">
      <Filter>Resource Files</Filter>
    </EmbeddedResource>
    <EmbeddedResource Include="AssessmentEditor.resx">
      <Filter>Resource Files</Filter>
    </EmbeddedResource>
    <EmbeddedResource Include="CreateJobOpening.resx">
      <Filter>Resource Files</Filter>
    </EmbeddedResource>
    <EmbeddedResource Include="Compose.resx">
      <Filter>Resource Files</Filter>
    </EmbeddedResource>
    <EmbeddedResource Include="ManageJobApplications.resx">
      <Filter>Resource Files</Filter>
    </EmbeddedResource>
    <EmbeddedResource Include="AdminDashboard.resx">
      <Filter>Resource Files</Filter>
    </EmbeddedResource>
    <EmbeddedResource Include="ManageCandidates.resx">
      <Filter>Resource Files</Filter>
    </EmbeddedResource>
    <EmbeddedResource Include="ManageEmployers.resx">
      <Filter>Resource Files</Filter>
    </EmbeddedResource>
    <EmbeddedResource Include="UpdateCredentials.resx">
      <Filter>Resource Files</Filter>
    </EmbeddedResource>
    <EmbeddedResource Include="ManagePracticeMaterial.resx">
      <Filter>Resource Files</Filter>
    </EmbeddedResource>
  </ItemGroup>
</Project>